
Microsoft Visual Studio Solution File, Format Version 12.00
# Visual Studio Version 17
VisualStudioVersion = 17.2.32616.157
MinimumVisualStudioVersion = 10.0.40219.1
Project("{FAE04EC0-301F-11D3-BF4B-00C04F79EFBC}") = "MySniffer1", "MySniffer1.csproj", "{38423D75-BC23-4AE0-8F68-5C4BDF562ECB}"
EndProject
Global
	GlobalSection(SolutionConfigurationPlatforms) = preSolution
		Debug|Any CPU = Debug|Any CPU
		Release|Any CPU = Release|Any CPU
	EndGlobalSection
	GlobalSection(ProjectConfigurationPlatforms) = postSolution
		{38423D75-BC23-4AE0-8F68-5C4BDF562ECB}.Debug|Any CPU.ActiveCfg = Debug|Any CPU
		{38423D75-BC23-4AE0-8F68-5C4BDF562ECB}.Debug|Any CPU.Build.0 = Debug|Any CPU
		{38423D75-BC23-4AE0-8F68-5C4BDF562ECB}.Release|Any CPU.ActiveCfg = Release|Any CPU
		{38423D75-BC23-4AE0-8F68-5C4BDF562ECB}.Release|Any CPU.Build.0 = Release|Any CPU
	EndGlobalSection
	GlobalSection(SolutionProperties) = preSolution
		HideSolutionNode = FALSE
	EndGlobalSection
	GlobalSection(ExtensibilityGlobals) = postSolution
		SolutionGuid = {775587AB-6CDC-4EDF-80D7-94731BD3E585}
	EndGlobalSection
EndGlobal
